
Microsoft Visual Studio Solution File, Format Version 12.00
# Visual Studio 15
Project("{FAE04EC0-301F-11D3-BF4B-00C04F79EFBC}") = "TvMazeClient", "TvMazeClient\TvMazeClient.csproj", "{94AA74E2-8A8E-478A-9BC2-210FF02B60E9}"
EndProject
Project("{FAE04EC0-301F-11D3-BF4B-00C04F79EFBC}") = "TvMazeClient.Service", "TvMazeClient.Service\TvMazeClient.Service.csproj", "{DD0AADBD-51F1-4F76-BDAA-EC6F8FE42BB7}"
EndProject
Project("{FAE04EC0-301F-11D3-BF4B-00C04F79EFBC}") = "TvMazeClient.Mock", "TvMazeClient.Mock\TvMazeClient.Mock.csproj", "{1859A499-5C27-42CF-9A5D-230DF3EEB496}"
EndProject
Project("{FAE04EC0-301F-11D3-BF4B-00C04F79EFBC}") = "RtlTestRepository", "RtlTestRepository\RtlTestRepository.csproj", "{EC485667-9595-4068-925C-7CC200203B48}"
EndProject
Project("{FAE04EC0-301F-11D3-BF4B-00C04F79EFBC}") = "RtlTestRepository.Mock", "RtlTestRepository.Mock\RtlTestRepository.Mock.csproj", "{A4EA201C-6872-4831-9800-8944915ECCD3}"
EndProject
Project("{FAE04EC0-301F-11D3-BF4B-00C04F79EFBC}") = "RtlTestRepository.Service", "RtlTestRepository.Service\RtlTestRepository.Service.csproj", "{B539B161-1E9A-4D3F-B764-8536C29232B8}"
EndProject
Project("{FAE04EC0-301F-11D3-BF4B-00C04F79EFBC}") = "RtlTestApi", "RtlTestApi\RtlTestApi.csproj", "{D6859C37-29BE-4B71-B463-015BC8DCEAC8}"
EndProject
Project("{FAE04EC0-301F-11D3-BF4B-00C04F79EFBC}") = "RtlTestLogic", "RtlTestLogic\RtlTestLogic.csproj", "{A36B9C4B-E8A7-4A9A-AEF3-6CD868F74059}"
EndProject
Project("{FAE04EC0-301F-11D3-BF4B-00C04F79EFBC}") = "RtlTestLogic.Service", "RtlTestLogic.Service\RtlTestLogic.Service.csproj", "{FC5FCA20-E393-4D1B-A527-173FAECC4F55}"
EndProject
Project("{FAE04EC0-301F-11D3-BF4B-00C04F79EFBC}") = "RtlTestFunctionApp", "RtlTestFunctionApp\RtlTestFunctionApp.csproj", "{1D94AC89-ED3F-49A6-9770-928672374C85}"
EndProject
Global
	GlobalSection(SolutionConfigurationPlatforms) = preSolution
		Debug|Any CPU = Debug|Any CPU
		Release|Any CPU = Release|Any CPU
	EndGlobalSection
	GlobalSection(ProjectConfigurationPlatforms) = postSolution
		{94AA74E2-8A8E-478A-9BC2-210FF02B60E9}.Debug|Any CPU.ActiveCfg = Debug|Any CPU
		{94AA74E2-8A8E-478A-9BC2-210FF02B60E9}.Debug|Any CPU.Build.0 = Debug|Any CPU
		{94AA74E2-8A8E-478A-9BC2-210FF02B60E9}.Release|Any CPU.ActiveCfg = Release|Any CPU
		{94AA74E2-8A8E-478A-9BC2-210FF02B60E9}.Release|Any CPU.Build.0 = Release|Any CPU
		{DD0AADBD-51F1-4F76-BDAA-EC6F8FE42BB7}.Debug|Any CPU.ActiveCfg = Debug|Any CPU
		{DD0AADBD-51F1-4F76-BDAA-EC6F8FE42BB7}.Debug|Any CPU.Build.0 = Debug|Any CPU
		{DD0AADBD-51F1-4F76-BDAA-EC6F8FE42BB7}.Release|Any CPU.ActiveCfg = Release|Any CPU
		{DD0AADBD-51F1-4F76-BDAA-EC6F8FE42BB7}.Release|Any CPU.Build.0 = Release|Any CPU
		{1859A499-5C27-42CF-9A5D-230DF3EEB496}.Debug|Any CPU.ActiveCfg = Debug|Any CPU
		{1859A499-5C27-42CF-9A5D-230DF3EEB496}.Debug|Any CPU.Build.0 = Debug|Any CPU
		{1859A499-5C27-42CF-9A5D-230DF3EEB496}.Release|Any CPU.ActiveCfg = Release|Any CPU
		{1859A499-5C27-42CF-9A5D-230DF3EEB496}.Release|Any CPU.Build.0 = Release|Any CPU
		{EC485667-9595-4068-925C-7CC200203B48}.Debug|Any CPU.ActiveCfg = Debug|Any CPU
		{EC485667-9595-4068-925C-7CC200203B48}.Debug|Any CPU.Build.0 = Debug|Any CPU
		{EC485667-9595-4068-925C-7CC200203B48}.Release|Any CPU.ActiveCfg = Release|Any CPU
		{EC485667-9595-4068-925C-7CC200203B48}.Release|Any CPU.Build.0 = Release|Any CPU
		{A4EA201C-6872-4831-9800-8944915ECCD3}.Debug|Any CPU.ActiveCfg = Debug|Any CPU
		{A4EA201C-6872-4831-9800-8944915ECCD3}.Debug|Any CPU.Build.0 = Debug|Any CPU
		{A4EA201C-6872-4831-9800-8944915ECCD3}.Release|Any CPU.ActiveCfg = Release|Any CPU
		{A4EA201C-6872-4831-9800-8944915ECCD3}.Release|Any CPU.Build.0 = Release|Any CPU
		{B539B161-1E9A-4D3F-B764-8536C29232B8}.Debug|Any CPU.ActiveCfg = Debug|Any CPU
		{B539B161-1E9A-4D3F-B764-8536C29232B8}.Debug|Any CPU.Build.0 = Debug|Any CPU
		{B539B161-1E9A-4D3F-B764-8536C29232B8}.Release|Any CPU.ActiveCfg = Release|Any CPU
		{B539B161-1E9A-4D3F-B764-8536C29232B8}.Release|Any CPU.Build.0 = Release|Any CPU
		{D6859C37-29BE-4B71-B463-015BC8DCEAC8}.Debug|Any CPU.ActiveCfg = Debug|Any CPU
		{D6859C37-29BE-4B71-B463-015BC8DCEAC8}.Debug|Any CPU.Build.0 = Debug|Any CPU
		{D6859C37-29BE-4B71-B463-015BC8DCEAC8}.Release|Any CPU.ActiveCfg = Release|Any CPU
		{D6859C37-29BE-4B71-B463-015BC8DCEAC8}.Release|Any CPU.Build.0 = Release|Any CPU
		{A36B9C4B-E8A7-4A9A-AEF3-6CD868F74059}.Debug|Any CPU.ActiveCfg = Debug|Any CPU
		{A36B9C4B-E8A7-4A9A-AEF3-6CD868F74059}.Debug|Any CPU.Build.0 = Debug|Any CPU
		{A36B9C4B-E8A7-4A9A-AEF3-6CD868F74059}.Release|Any CPU.ActiveCfg = Release|Any CPU
		{A36B9C4B-E8A7-4A9A-AEF3-6CD868F74059}.Release|Any CPU.Build.0 = Release|Any CPU
		{FC5FCA20-E393-4D1B-A527-173FAECC4F55}.Debug|Any CPU.ActiveCfg = Debug|Any CPU
		{FC5FCA20-E393-4D1B-A527-173FAECC4F55}.Debug|Any CPU.Build.0 = Debug|Any CPU
		{FC5FCA20-E393-4D1B-A527-173FAECC4F55}.Release|Any CPU.ActiveCfg = Release|Any CPU
		{FC5FCA20-E393-4D1B-A527-173FAECC4F55}.Release|Any CPU.Build.0 = Release|Any CPU
		{1D94AC89-ED3F-49A6-9770-928672374C85}.Debug|Any CPU.ActiveCfg = Debug|Any CPU
		{1D94AC89-ED3F-49A6-9770-928672374C85}.Debug|Any CPU.Build.0 = Debug|Any CPU
		{1D94AC89-ED3F-49A6-9770-928672374C85}.Release|Any CPU.ActiveCfg = Release|Any CPU
		{1D94AC89-ED3F-49A6-9770-928672374C85}.Release|Any CPU.Build.0 = Release|Any CPU
	EndGlobalSection
EndGlobal
